
Microsoft Visual Studio Solution File, Format Version 12.00
# Visual Studio Version 17
VisualStudioVersion = 17.6.33801.468
MinimumVisualStudioVersion = 10.0.40219.1
Project("{FAE04EC0-301F-11D3-BF4B-00C04F79EFBC}") = "ref-app-docker-web", "ref-app-docker-web.csproj", "{8E5B0426-DB3B-4666-83BD-63AB4BF4C75D}"
EndProject
Global
	GlobalSection(SolutionConfigurationPlatforms) = preSolution
		Debug|Any CPU = Debug|Any CPU
		Release|Any CPU = Release|Any CPU
	EndGlobalSection
	GlobalSection(ProjectConfigurationPlatforms) = postSolution
		{8E5B0426-DB3B-4666-83BD-63AB4BF4C75D}.Debug|Any CPU.ActiveCfg = Debug|Any CPU
		{8E5B0426-DB3B-4666-83BD-63AB4BF4C75D}.Debug|Any CPU.Build.0 = Debug|Any CPU
		{8E5B0426-DB3B-4666-83BD-63AB4BF4C75D}.Release|Any CPU.ActiveCfg = Release|Any CPU
		{8E5B0426-DB3B-4666-83BD-63AB4BF4C75D}.Release|Any CPU.Build.0 = Release|Any CPU
	EndGlobalSection
	GlobalSection(SolutionProperties) = preSolution
		HideSolutionNode = FALSE
	EndGlobalSection
	GlobalSection(ExtensibilityGlobals) = postSolution
		SolutionGuid = {FC5A75BC-B89E-44B6-B9D6-410558824C20}
	EndGlobalSection
EndGlobal
